
Microsoft Visual Studio Solution File, Format Version 12.00
# Visual Studio 14
VisualStudioVersion = 14.0.23107.0
MinimumVisualStudioVersion = 10.0.40219.1
Project("{FAE04EC0-301F-11D3-BF4B-00C04F79EFBC}") = "PatientCareWebApi", "PatientCareWebApi\PatientCareWebApi.csproj", "{613D3207-48AE-4AED-AC7C-EBF761A0F177}"
EndProject
Project("{FAE04EC0-301F-11D3-BF4B-00C04F79EFBC}") = "Logging", "..\..\PatientCareAdmin\Logging\Logging.csproj", "{0057F215-DA27-465C-BBDA-BFB7B49B0021}"
EndProject
Project("{FAE04EC0-301F-11D3-BF4B-00C04F79EFBC}") = "PatientCareWebApi.UnitTest", "PatientCareWebApi.UnitTest\PatientCareWebApi.UnitTest.csproj", "{1CFAA29A-5AA6-4478-BEF7-551ABFB8241A}"
EndProject
Global
	GlobalSection(SolutionConfigurationPlatforms) = preSolution
		Debug|Any CPU = Debug|Any CPU
		Release|Any CPU = Release|Any CPU
	EndGlobalSection
	GlobalSection(ProjectConfigurationPlatforms) = postSolution
		{613D3207-48AE-4AED-AC7C-EBF761A0F177}.Debug|Any CPU.ActiveCfg = Debug|Any CPU
		{613D3207-48AE-4AED-AC7C-EBF761A0F177}.Debug|Any CPU.Build.0 = Debug|Any CPU
		{613D3207-48AE-4AED-AC7C-EBF761A0F177}.Release|Any CPU.ActiveCfg = Release|Any CPU
		{613D3207-48AE-4AED-AC7C-EBF761A0F177}.Release|Any CPU.Build.0 = Release|Any CPU
		{0057F215-DA27-465C-BBDA-BFB7B49B0021}.Debug|Any CPU.ActiveCfg = Debug|Any CPU
		{0057F215-DA27-465C-BBDA-BFB7B49B0021}.Debug|Any CPU.Build.0 = Debug|Any CPU
		{0057F215-DA27-465C-BBDA-BFB7B49B0021}.Release|Any CPU.ActiveCfg = Release|Any CPU
		{0057F215-DA27-465C-BBDA-BFB7B49B0021}.Release|Any CPU.Build.0 = Release|Any CPU
		{1CFAA29A-5AA6-4478-BEF7-551ABFB8241A}.Debug|Any CPU.ActiveCfg = Debug|Any CPU
		{1CFAA29A-5AA6-4478-BEF7-551ABFB8241A}.Debug|Any CPU.Build.0 = Debug|Any CPU
		{1CFAA29A-5AA6-4478-BEF7-551ABFB8241A}.Release|Any CPU.ActiveCfg = Release|Any CPU
		{1CFAA29A-5AA6-4478-BEF7-551ABFB8241A}.Release|Any CPU.Build.0 = Release|Any CPU
	EndGlobalSection
	GlobalSection(SolutionProperties) = preSolution
		HideSolutionNode = FALSE
	EndGlobalSection
	GlobalSection(TeamFoundationVersionControl) = preSolution
		SccNumberOfProjects = 4
		SccEnterpriseProvider = {4CA58AB2-18FA-4F8D-95D4-32DDF27D184C}
		SccTeamFoundationServer = https://ajl-projekt.visualstudio.com/defaultcollection
		SccLocalPath0 = .
		SccProjectUniqueName1 = ..\\..\\PatientCareAdmin\\Logging\\Logging.csproj
		SccProjectName1 = Logging
		SccLocalPath1 = ..\\..\\PatientCareAdmin\\Logging
		SccProjectUniqueName2 = PatientCareWebApi.UnitTest\\PatientCareWebApi.UnitTest.csproj
		SccProjectName2 = PatientCareWebApi.UnitTest
		SccLocalPath2 = PatientCareWebApi.UnitTest
		SccProjectUniqueName3 = PatientCareWebApi\\PatientCareWebApi.csproj
		SccProjectName3 = PatientCareWebApi
		SccLocalPath3 = PatientCareWebApi
	EndGlobalSection
EndGlobal
