
Microsoft Visual Studio Solution File, Format Version 12.00
# Visual Studio 2013
VisualStudioVersion = 12.0.40629.0
MinimumVisualStudioVersion = 10.0.40219.1
Project("{FAE04EC0-301F-11D3-BF4B-00C04F79EFBC}") = "PatientCare.Shared", "PatientCare.Shared\PatientCare.Shared.csproj", "{98BF0A5D-C546-4C0D-B8C7-15CD9834A4EF}"
EndProject
Project("{FAE04EC0-301F-11D3-BF4B-00C04F79EFBC}") = "PatientCare.iOS", "PatientCare.iOS\PatientCare.iOS.csproj", "{E1D76926-53C7-455F-A3A5-964AC41E2503}"
EndProject
Project("{FAE04EC0-301F-11D3-BF4B-00C04F79EFBC}") = "PatientCare.Windows", "PatientCare.Windows\PatientCare.Windows.csproj", "{4277017C-8E58-428E-956D-505C333E0A3F}"
EndProject
Project("{FAE04EC0-301F-11D3-BF4B-00C04F79EFBC}") = "PatientCare.Shared.Test", "PatientCare.Shared.Test\PatientCare.Shared.Test.csproj", "{659A9E88-0157-494E-9B8E-38B70EDB25DB}"
EndProject
Project("{2150E333-8FDC-42A3-9474-1A3956D46DE8}") = "Test", "Test", "{E358BB96-BBC8-4A87-8101-0B108CB563B5}"
EndProject
Project("{2150E333-8FDC-42A3-9474-1A3956D46DE8}") = ".nuget", ".nuget", "{9255BC09-83C5-49E7-8557-E7E3591E4957}"
	ProjectSection(SolutionItems) = preProject
		.nuget\NuGet.Config = .nuget\NuGet.Config
		.nuget\NuGet.exe = .nuget\NuGet.exe
		.nuget\NuGet.targets = .nuget\NuGet.targets
	EndProjectSection
EndProject
Project("{FAE04EC0-301F-11D3-BF4B-00C04F79EFBC}") = "PatientCare.Android", "PatientCare.Android\PatientCare.Android.csproj", "{E16D6E67-0691-4D5A-9DD7-DA7510879AB8}"
EndProject
Global
	GlobalSection(TeamFoundationVersionControl) = preSolution
		SccNumberOfProjects = 6
		SccEnterpriseProvider = {4CA58AB2-18FA-4F8D-95D4-32DDF27D184C}
		SccTeamFoundationServer = https://ajl-projekt.visualstudio.com/defaultcollection
		SccLocalPath0 = .
		SccProjectUniqueName1 = PatientCare.Android\\PatientCare.Android.csproj
		SccProjectName1 = PatientCare.Android
		SccLocalPath1 = PatientCare.Android
		SccProjectUniqueName2 = PatientCare.iOS\\PatientCare.iOS.csproj
		SccProjectName2 = PatientCare.iOS
		SccLocalPath2 = PatientCare.iOS
		SccProjectUniqueName3 = PatientCare.Shared.Test\\PatientCare.Shared.Test.csproj
		SccProjectTopLevelParentUniqueName3 = PatientCare.sln
		SccProjectName3 = PatientCare.Shared.Test
		SccLocalPath3 = PatientCare.Shared.Test
		SccProjectUniqueName4 = PatientCare.Shared\\PatientCare.Shared.csproj
		SccProjectName4 = PatientCare.Shared
		SccLocalPath4 = PatientCare.Shared
		SccProjectUniqueName5 = PatientCare.Windows\\PatientCare.Windows.csproj
		SccProjectName5 = PatientCare.Windows
		SccLocalPath5 = PatientCare.Windows
	EndGlobalSection
	GlobalSection(SolutionConfigurationPlatforms) = preSolution
		Ad-Hoc|Any CPU = Ad-Hoc|Any CPU
		Ad-Hoc|ARM = Ad-Hoc|ARM
		Ad-Hoc|iPhone = Ad-Hoc|iPhone
		Ad-Hoc|iPhoneSimulator = Ad-Hoc|iPhoneSimulator
		Ad-Hoc|Mixed Platforms = Ad-Hoc|Mixed Platforms
		Ad-Hoc|x86 = Ad-Hoc|x86
		AppStore|Any CPU = AppStore|Any CPU
		AppStore|ARM = AppStore|ARM
		AppStore|iPhone = AppStore|iPhone
		AppStore|iPhoneSimulator = AppStore|iPhoneSimulator
		AppStore|Mixed Platforms = AppStore|Mixed Platforms
		AppStore|x86 = AppStore|x86
		Debug|Any CPU = Debug|Any CPU
		Debug|ARM = Debug|ARM
		Debug|iPhone = Debug|iPhone
		Debug|iPhoneSimulator = Debug|iPhoneSimulator
		Debug|Mixed Platforms = Debug|Mixed Platforms
		Debug|x86 = Debug|x86
		Release|Any CPU = Release|Any CPU
		Release|ARM = Release|ARM
		Release|iPhone = Release|iPhone
		Release|iPhoneSimulator = Release|iPhoneSimulator
		Release|Mixed Platforms = Release|Mixed Platforms
		Release|x86 = Release|x86
	EndGlobalSection
	GlobalSection(ProjectConfigurationPlatforms) = postSolution
		{98BF0A5D-C546-4C0D-B8C7-15CD9834A4EF}.Ad-Hoc|Any CPU.ActiveCfg = Release|Any CPU
		{98BF0A5D-C546-4C0D-B8C7-15CD9834A4EF}.Ad-Hoc|Any CPU.Build.0 = Release|Any CPU
		{98BF0A5D-C546-4C0D-B8C7-15CD9834A4EF}.Ad-Hoc|ARM.ActiveCfg = Release|Any CPU
		{98BF0A5D-C546-4C0D-B8C7-15CD9834A4EF}.Ad-Hoc|iPhone.ActiveCfg = Release|Any CPU
		{98BF0A5D-C546-4C0D-B8C7-15CD9834A4EF}.Ad-Hoc|iPhoneSimulator.ActiveCfg = Release|Any CPU
		{98BF0A5D-C546-4C0D-B8C7-15CD9834A4EF}.Ad-Hoc|Mixed Platforms.ActiveCfg = Release|Any CPU
		{98BF0A5D-C546-4C0D-B8C7-15CD9834A4EF}.Ad-Hoc|Mixed Platforms.Build.0 = Release|Any CPU
		{98BF0A5D-C546-4C0D-B8C7-15CD9834A4EF}.Ad-Hoc|x86.ActiveCfg = Release|Any CPU
		{98BF0A5D-C546-4C0D-B8C7-15CD9834A4EF}.AppStore|Any CPU.ActiveCfg = Release|Any CPU
		{98BF0A5D-C546-4C0D-B8C7-15CD9834A4EF}.AppStore|Any CPU.Build.0 = Release|Any CPU
		{98BF0A5D-C546-4C0D-B8C7-15CD9834A4EF}.AppStore|ARM.ActiveCfg = Release|Any CPU
		{98BF0A5D-C546-4C0D-B8C7-15CD9834A4EF}.AppStore|iPhone.ActiveCfg = Release|Any CPU
		{98BF0A5D-C546-4C0D-B8C7-15CD9834A4EF}.AppStore|iPhoneSimulator.ActiveCfg = Release|Any CPU
		{98BF0A5D-C546-4C0D-B8C7-15CD9834A4EF}.AppStore|Mixed Platforms.ActiveCfg = Release|Any CPU
		{98BF0A5D-C546-4C0D-B8C7-15CD9834A4EF}.AppStore|Mixed Platforms.Build.0 = Release|Any CPU
		{98BF0A5D-C546-4C0D-B8C7-15CD9834A4EF}.AppStore|x86.ActiveCfg = Release|Any CPU
		{98BF0A5D-C546-4C0D-B8C7-15CD9834A4EF}.Debug|Any CPU.ActiveCfg = Debug|Any CPU
		{98BF0A5D-C546-4C0D-B8C7-15CD9834A4EF}.Debug|Any CPU.Build.0 = Debug|Any CPU
		{98BF0A5D-C546-4C0D-B8C7-15CD9834A4EF}.Debug|ARM.ActiveCfg = Debug|Any CPU
		{98BF0A5D-C546-4C0D-B8C7-15CD9834A4EF}.Debug|iPhone.ActiveCfg = Debug|Any CPU
		{98BF0A5D-C546-4C0D-B8C7-15CD9834A4EF}.Debug|iPhoneSimulator.ActiveCfg = Debug|Any CPU
		{98BF0A5D-C546-4C0D-B8C7-15CD9834A4EF}.Debug|Mixed Platforms.ActiveCfg = Debug|Any CPU
		{98BF0A5D-C546-4C0D-B8C7-15CD9834A4EF}.Debug|Mixed Platforms.Build.0 = Debug|Any CPU
		{98BF0A5D-C546-4C0D-B8C7-15CD9834A4EF}.Debug|x86.ActiveCfg = Debug|Any CPU
		{98BF0A5D-C546-4C0D-B8C7-15CD9834A4EF}.Release|Any CPU.ActiveCfg = Release|Any CPU
		{98BF0A5D-C546-4C0D-B8C7-15CD9834A4EF}.Release|Any CPU.Build.0 = Release|Any CPU
		{98BF0A5D-C546-4C0D-B8C7-15CD9834A4EF}.Release|ARM.ActiveCfg = Release|Any CPU
		{98BF0A5D-C546-4C0D-B8C7-15CD9834A4EF}.Release|iPhone.ActiveCfg = Release|Any CPU
		{98BF0A5D-C546-4C0D-B8C7-15CD9834A4EF}.Release|iPhoneSimulator.ActiveCfg = Release|Any CPU
		{98BF0A5D-C546-4C0D-B8C7-15CD9834A4EF}.Release|Mixed Platforms.ActiveCfg = Release|Any CPU
		{98BF0A5D-C546-4C0D-B8C7-15CD9834A4EF}.Release|Mixed Platforms.Build.0 = Release|Any CPU
		{98BF0A5D-C546-4C0D-B8C7-15CD9834A4EF}.Release|x86.ActiveCfg = Release|Any CPU
		{E1D76926-53C7-455F-A3A5-964AC41E2503}.Ad-Hoc|Any CPU.ActiveCfg = Ad-Hoc|iPhone
		{E1D76926-53C7-455F-A3A5-964AC41E2503}.Ad-Hoc|ARM.ActiveCfg = Ad-Hoc|iPhone
		{E1D76926-53C7-455F-A3A5-964AC41E2503}.Ad-Hoc|iPhone.ActiveCfg = Ad-Hoc|iPhone
		{E1D76926-53C7-455F-A3A5-964AC41E2503}.Ad-Hoc|iPhone.Build.0 = Ad-Hoc|iPhone
		{E1D76926-53C7-455F-A3A5-964AC41E2503}.Ad-Hoc|iPhoneSimulator.ActiveCfg = Ad-Hoc|iPhoneSimulator
		{E1D76926-53C7-455F-A3A5-964AC41E2503}.Ad-Hoc|iPhoneSimulator.Build.0 = Ad-Hoc|iPhoneSimulator
		{E1D76926-53C7-455F-A3A5-964AC41E2503}.Ad-Hoc|Mixed Platforms.ActiveCfg = Ad-Hoc|iPhone
		{E1D76926-53C7-455F-A3A5-964AC41E2503}.Ad-Hoc|Mixed Platforms.Build.0 = Ad-Hoc|iPhone
		{E1D76926-53C7-455F-A3A5-964AC41E2503}.Ad-Hoc|x86.ActiveCfg = Ad-Hoc|iPhone
		{E1D76926-53C7-455F-A3A5-964AC41E2503}.AppStore|Any CPU.ActiveCfg = AppStore|iPhone
		{E1D76926-53C7-455F-A3A5-964AC41E2503}.AppStore|ARM.ActiveCfg = AppStore|iPhone
		{E1D76926-53C7-455F-A3A5-964AC41E2503}.AppStore|iPhone.ActiveCfg = AppStore|iPhone
		{E1D76926-53C7-455F-A3A5-964AC41E2503}.AppStore|iPhone.Build.0 = AppStore|iPhone
		{E1D76926-53C7-455F-A3A5-964AC41E2503}.AppStore|iPhoneSimulator.ActiveCfg = AppStore|iPhoneSimulator
		{E1D76926-53C7-455F-A3A5-964AC41E2503}.AppStore|iPhoneSimulator.Build.0 = AppStore|iPhoneSimulator
		{E1D76926-53C7-455F-A3A5-964AC41E2503}.AppStore|Mixed Platforms.ActiveCfg = AppStore|iPhone
		{E1D76926-53C7-455F-A3A5-964AC41E2503}.AppStore|Mixed Platforms.Build.0 = AppStore|iPhone
		{E1D76926-53C7-455F-A3A5-964AC41E2503}.AppStore|x86.ActiveCfg = AppStore|iPhone
		{E1D76926-53C7-455F-A3A5-964AC41E2503}.Debug|Any CPU.ActiveCfg = Debug|iPhone
		{E1D76926-53C7-455F-A3A5-964AC41E2503}.Debug|ARM.ActiveCfg = Debug|iPhone
		{E1D76926-53C7-455F-A3A5-964AC41E2503}.Debug|iPhone.ActiveCfg = Debug|iPhone
		{E1D76926-53C7-455F-A3A5-964AC41E2503}.Debug|iPhone.Build.0 = Debug|iPhone
		{E1D76926-53C7-455F-A3A5-964AC41E2503}.Debug|iPhoneSimulator.ActiveCfg = Debug|iPhoneSimulator
		{E1D76926-53C7-455F-A3A5-964AC41E2503}.Debug|iPhoneSimulator.Build.0 = Debug|iPhoneSimulator
		{E1D76926-53C7-455F-A3A5-964AC41E2503}.Debug|Mixed Platforms.ActiveCfg = Debug|iPhone
		{E1D76926-53C7-455F-A3A5-964AC41E2503}.Debug|Mixed Platforms.Build.0 = Debug|iPhone
		{E1D76926-53C7-455F-A3A5-964AC41E2503}.Debug|x86.ActiveCfg = Debug|iPhone
		{E1D76926-53C7-455F-A3A5-964AC41E2503}.Release|Any CPU.ActiveCfg = Release|iPhone
		{E1D76926-53C7-455F-A3A5-964AC41E2503}.Release|ARM.ActiveCfg = Release|iPhone
		{E1D76926-53C7-455F-A3A5-964AC41E2503}.Release|iPhone.ActiveCfg = Release|iPhone
		{E1D76926-53C7-455F-A3A5-964AC41E2503}.Release|iPhone.Build.0 = Release|iPhone
		{E1D76926-53C7-455F-A3A5-964AC41E2503}.Release|iPhoneSimulator.ActiveCfg = Release|iPhoneSimulator
		{E1D76926-53C7-455F-A3A5-964AC41E2503}.Release|iPhoneSimulator.Build.0 = Release|iPhoneSimulator
		{E1D76926-53C7-455F-A3A5-964AC41E2503}.Release|Mixed Platforms.ActiveCfg = Release|iPhone
		{E1D76926-53C7-455F-A3A5-964AC41E2503}.Release|Mixed Platforms.Build.0 = Release|iPhone
		{E1D76926-53C7-455F-A3A5-964AC41E2503}.Release|x86.ActiveCfg = Release|iPhone
		{4277017C-8E58-428E-956D-505C333E0A3F}.Ad-Hoc|Any CPU.ActiveCfg = Release|Any CPU
		{4277017C-8E58-428E-956D-505C333E0A3F}.Ad-Hoc|Any CPU.Build.0 = Release|Any CPU
		{4277017C-8E58-428E-956D-505C333E0A3F}.Ad-Hoc|Any CPU.Deploy.0 = Release|Any CPU
		{4277017C-8E58-428E-956D-505C333E0A3F}.Ad-Hoc|ARM.ActiveCfg = Release|ARM
		{4277017C-8E58-428E-956D-505C333E0A3F}.Ad-Hoc|ARM.Build.0 = Release|ARM
		{4277017C-8E58-428E-956D-505C333E0A3F}.Ad-Hoc|ARM.Deploy.0 = Release|ARM
		{4277017C-8E58-428E-956D-505C333E0A3F}.Ad-Hoc|iPhone.ActiveCfg = Release|Any CPU
		{4277017C-8E58-428E-956D-505C333E0A3F}.Ad-Hoc|iPhoneSimulator.ActiveCfg = Release|Any CPU
		{4277017C-8E58-428E-956D-505C333E0A3F}.Ad-Hoc|Mixed Platforms.ActiveCfg = Release|x86
		{4277017C-8E58-428E-956D-505C333E0A3F}.Ad-Hoc|Mixed Platforms.Build.0 = Release|x86
		{4277017C-8E58-428E-956D-505C333E0A3F}.Ad-Hoc|Mixed Platforms.Deploy.0 = Release|x86
		{4277017C-8E58-428E-956D-505C333E0A3F}.Ad-Hoc|x86.ActiveCfg = Release|x86
		{4277017C-8E58-428E-956D-505C333E0A3F}.Ad-Hoc|x86.Build.0 = Release|x86
		{4277017C-8E58-428E-956D-505C333E0A3F}.Ad-Hoc|x86.Deploy.0 = Release|x86
		{4277017C-8E58-428E-956D-505C333E0A3F}.AppStore|Any CPU.ActiveCfg = Release|Any CPU
		{4277017C-8E58-428E-956D-505C333E0A3F}.AppStore|Any CPU.Build.0 = Release|Any CPU
		{4277017C-8E58-428E-956D-505C333E0A3F}.AppStore|Any CPU.Deploy.0 = Release|Any CPU
		{4277017C-8E58-428E-956D-505C333E0A3F}.AppStore|ARM.ActiveCfg = Release|ARM
		{4277017C-8E58-428E-956D-505C333E0A3F}.AppStore|ARM.Build.0 = Release|ARM
		{4277017C-8E58-428E-956D-505C333E0A3F}.AppStore|ARM.Deploy.0 = Release|ARM
		{4277017C-8E58-428E-956D-505C333E0A3F}.AppStore|iPhone.ActiveCfg = Release|Any CPU
		{4277017C-8E58-428E-956D-505C333E0A3F}.AppStore|iPhoneSimulator.ActiveCfg = Release|Any CPU
		{4277017C-8E58-428E-956D-505C333E0A3F}.AppStore|Mixed Platforms.ActiveCfg = Release|x86
		{4277017C-8E58-428E-956D-505C333E0A3F}.AppStore|Mixed Platforms.Build.0 = Release|x86
		{4277017C-8E58-428E-956D-505C333E0A3F}.AppStore|Mixed Platforms.Deploy.0 = Release|x86
		{4277017C-8E58-428E-956D-505C333E0A3F}.AppStore|x86.ActiveCfg = Release|x86
		{4277017C-8E58-428E-956D-505C333E0A3F}.AppStore|x86.Build.0 = Release|x86
		{4277017C-8E58-428E-956D-505C333E0A3F}.AppStore|x86.Deploy.0 = Release|x86
		{4277017C-8E58-428E-956D-505C333E0A3F}.Debug|Any CPU.ActiveCfg = Debug|Any CPU
		{4277017C-8E58-428E-956D-505C333E0A3F}.Debug|Any CPU.Build.0 = Debug|Any CPU
		{4277017C-8E58-428E-956D-505C333E0A3F}.Debug|Any CPU.Deploy.0 = Debug|Any CPU
		{4277017C-8E58-428E-956D-505C333E0A3F}.Debug|ARM.ActiveCfg = Debug|ARM
		{4277017C-8E58-428E-956D-505C333E0A3F}.Debug|ARM.Build.0 = Debug|ARM
		{4277017C-8E58-428E-956D-505C333E0A3F}.Debug|ARM.Deploy.0 = Debug|ARM
		{4277017C-8E58-428E-956D-505C333E0A3F}.Debug|iPhone.ActiveCfg = Debug|Any CPU
		{4277017C-8E58-428E-956D-505C333E0A3F}.Debug|iPhoneSimulator.ActiveCfg = Debug|Any CPU
		{4277017C-8E58-428E-956D-505C333E0A3F}.Debug|Mixed Platforms.ActiveCfg = Debug|x86
		{4277017C-8E58-428E-956D-505C333E0A3F}.Debug|Mixed Platforms.Build.0 = Debug|x86
		{4277017C-8E58-428E-956D-505C333E0A3F}.Debug|Mixed Platforms.Deploy.0 = Debug|x86
		{4277017C-8E58-428E-956D-505C333E0A3F}.Debug|x86.ActiveCfg = Debug|x86
		{4277017C-8E58-428E-956D-505C333E0A3F}.Debug|x86.Build.0 = Debug|x86
		{4277017C-8E58-428E-956D-505C333E0A3F}.Debug|x86.Deploy.0 = Debug|x86
		{4277017C-8E58-428E-956D-505C333E0A3F}.Release|Any CPU.ActiveCfg = Release|Any CPU
		{4277017C-8E58-428E-956D-505C333E0A3F}.Release|Any CPU.Build.0 = Release|Any CPU
		{4277017C-8E58-428E-956D-505C333E0A3F}.Release|Any CPU.Deploy.0 = Release|Any CPU
		{4277017C-8E58-428E-956D-505C333E0A3F}.Release|ARM.ActiveCfg = Release|ARM
		{4277017C-8E58-428E-956D-505C333E0A3F}.Release|ARM.Build.0 = Release|ARM
		{4277017C-8E58-428E-956D-505C333E0A3F}.Release|ARM.Deploy.0 = Release|ARM
		{4277017C-8E58-428E-956D-505C333E0A3F}.Release|iPhone.ActiveCfg = Release|Any CPU
		{4277017C-8E58-428E-956D-505C333E0A3F}.Release|iPhoneSimulator.ActiveCfg = Release|Any CPU
		{4277017C-8E58-428E-956D-505C333E0A3F}.Release|Mixed Platforms.ActiveCfg = Release|x86
		{4277017C-8E58-428E-956D-505C333E0A3F}.Release|Mixed Platforms.Build.0 = Release|x86
		{4277017C-8E58-428E-956D-505C333E0A3F}.Release|Mixed Platforms.Deploy.0 = Release|x86
		{4277017C-8E58-428E-956D-505C333E0A3F}.Release|x86.ActiveCfg = Release|x86
		{4277017C-8E58-428E-956D-505C333E0A3F}.Release|x86.Build.0 = Release|x86
		{4277017C-8E58-428E-956D-505C333E0A3F}.Release|x86.Deploy.0 = Release|x86
		{659A9E88-0157-494E-9B8E-38B70EDB25DB}.Ad-Hoc|Any CPU.ActiveCfg = Release|Any CPU
		{659A9E88-0157-494E-9B8E-38B70EDB25DB}.Ad-Hoc|Any CPU.Build.0 = Release|Any CPU
		{659A9E88-0157-494E-9B8E-38B70EDB25DB}.Ad-Hoc|ARM.ActiveCfg = Release|Any CPU
		{659A9E88-0157-494E-9B8E-38B70EDB25DB}.Ad-Hoc|iPhone.ActiveCfg = Release|Any CPU
		{659A9E88-0157-494E-9B8E-38B70EDB25DB}.Ad-Hoc|iPhoneSimulator.ActiveCfg = Release|Any CPU
		{659A9E88-0157-494E-9B8E-38B70EDB25DB}.Ad-Hoc|Mixed Platforms.ActiveCfg = Release|Any CPU
		{659A9E88-0157-494E-9B8E-38B70EDB25DB}.Ad-Hoc|Mixed Platforms.Build.0 = Release|Any CPU
		{659A9E88-0157-494E-9B8E-38B70EDB25DB}.Ad-Hoc|x86.ActiveCfg = Release|Any CPU
		{659A9E88-0157-494E-9B8E-38B70EDB25DB}.AppStore|Any CPU.ActiveCfg = Release|Any CPU
		{659A9E88-0157-494E-9B8E-38B70EDB25DB}.AppStore|Any CPU.Build.0 = Release|Any CPU
		{659A9E88-0157-494E-9B8E-38B70EDB25DB}.AppStore|ARM.ActiveCfg = Release|Any CPU
		{659A9E88-0157-494E-9B8E-38B70EDB25DB}.AppStore|iPhone.ActiveCfg = Release|Any CPU
		{659A9E88-0157-494E-9B8E-38B70EDB25DB}.AppStore|iPhoneSimulator.ActiveCfg = Release|Any CPU
		{659A9E88-0157-494E-9B8E-38B70EDB25DB}.AppStore|Mixed Platforms.ActiveCfg = Release|Any CPU
		{659A9E88-0157-494E-9B8E-38B70EDB25DB}.AppStore|Mixed Platforms.Build.0 = Release|Any CPU
		{659A9E88-0157-494E-9B8E-38B70EDB25DB}.AppStore|x86.ActiveCfg = Release|Any CPU
		{659A9E88-0157-494E-9B8E-38B70EDB25DB}.Debug|Any CPU.ActiveCfg = Debug|Any CPU
		{659A9E88-0157-494E-9B8E-38B70EDB25DB}.Debug|Any CPU.Build.0 = Debug|Any CPU
		{659A9E88-0157-494E-9B8E-38B70EDB25DB}.Debug|ARM.ActiveCfg = Debug|Any CPU
		{659A9E88-0157-494E-9B8E-38B70EDB25DB}.Debug|iPhone.ActiveCfg = Debug|Any CPU
		{659A9E88-0157-494E-9B8E-38B70EDB25DB}.Debug|iPhoneSimulator.ActiveCfg = Debug|Any CPU
		{659A9E88-0157-494E-9B8E-38B70EDB25DB}.Debug|Mixed Platforms.ActiveCfg = Debug|Any CPU
		{659A9E88-0157-494E-9B8E-38B70EDB25DB}.Debug|Mixed Platforms.Build.0 = Debug|Any CPU
		{659A9E88-0157-494E-9B8E-38B70EDB25DB}.Debug|x86.ActiveCfg = Debug|Any CPU
		{659A9E88-0157-494E-9B8E-38B70EDB25DB}.Release|Any CPU.ActiveCfg = Release|Any CPU
		{659A9E88-0157-494E-9B8E-38B70EDB25DB}.Release|Any CPU.Build.0 = Release|Any CPU
		{659A9E88-0157-494E-9B8E-38B70EDB25DB}.Release|ARM.ActiveCfg = Release|Any CPU
		{659A9E88-0157-494E-9B8E-38B70EDB25DB}.Release|iPhone.ActiveCfg = Release|Any CPU
		{659A9E88-0157-494E-9B8E-38B70EDB25DB}.Release|iPhoneSimulator.ActiveCfg = Release|Any CPU
		{659A9E88-0157-494E-9B8E-38B70EDB25DB}.Release|Mixed Platforms.ActiveCfg = Release|Any CPU
		{659A9E88-0157-494E-9B8E-38B70EDB25DB}.Release|Mixed Platforms.Build.0 = Release|Any CPU
		{659A9E88-0157-494E-9B8E-38B70EDB25DB}.Release|x86.ActiveCfg = Release|Any CPU
		{E16D6E67-0691-4D5A-9DD7-DA7510879AB8}.Ad-Hoc|Any CPU.ActiveCfg = Release|Any CPU
		{E16D6E67-0691-4D5A-9DD7-DA7510879AB8}.Ad-Hoc|Any CPU.Build.0 = Release|Any CPU
		{E16D6E67-0691-4D5A-9DD7-DA7510879AB8}.Ad-Hoc|Any CPU.Deploy.0 = Release|Any CPU
		{E16D6E67-0691-4D5A-9DD7-DA7510879AB8}.Ad-Hoc|ARM.ActiveCfg = Release|Any CPU
		{E16D6E67-0691-4D5A-9DD7-DA7510879AB8}.Ad-Hoc|iPhone.ActiveCfg = Release|Any CPU
		{E16D6E67-0691-4D5A-9DD7-DA7510879AB8}.Ad-Hoc|iPhoneSimulator.ActiveCfg = Release|Any CPU
		{E16D6E67-0691-4D5A-9DD7-DA7510879AB8}.Ad-Hoc|Mixed Platforms.ActiveCfg = Release|Any CPU
		{E16D6E67-0691-4D5A-9DD7-DA7510879AB8}.Ad-Hoc|Mixed Platforms.Build.0 = Release|Any CPU
		{E16D6E67-0691-4D5A-9DD7-DA7510879AB8}.Ad-Hoc|Mixed Platforms.Deploy.0 = Release|Any CPU
		{E16D6E67-0691-4D5A-9DD7-DA7510879AB8}.Ad-Hoc|x86.ActiveCfg = Release|Any CPU
		{E16D6E67-0691-4D5A-9DD7-DA7510879AB8}.AppStore|Any CPU.ActiveCfg = Release|Any CPU
		{E16D6E67-0691-4D5A-9DD7-DA7510879AB8}.AppStore|Any CPU.Build.0 = Release|Any CPU
		{E16D6E67-0691-4D5A-9DD7-DA7510879AB8}.AppStore|Any CPU.Deploy.0 = Release|Any CPU
		{E16D6E67-0691-4D5A-9DD7-DA7510879AB8}.AppStore|ARM.ActiveCfg = Release|Any CPU
		{E16D6E67-0691-4D5A-9DD7-DA7510879AB8}.AppStore|iPhone.ActiveCfg = Release|Any CPU
		{E16D6E67-0691-4D5A-9DD7-DA7510879AB8}.AppStore|iPhoneSimulator.ActiveCfg = Release|Any CPU
		{E16D6E67-0691-4D5A-9DD7-DA7510879AB8}.AppStore|Mixed Platforms.ActiveCfg = Release|Any CPU
		{E16D6E67-0691-4D5A-9DD7-DA7510879AB8}.AppStore|Mixed Platforms.Build.0 = Release|Any CPU
		{E16D6E67-0691-4D5A-9DD7-DA7510879AB8}.AppStore|Mixed Platforms.Deploy.0 = Release|Any CPU
		{E16D6E67-0691-4D5A-9DD7-DA7510879AB8}.AppStore|x86.ActiveCfg = Release|Any CPU
		{E16D6E67-0691-4D5A-9DD7-DA7510879AB8}.Debug|Any CPU.ActiveCfg = Debug|Any CPU
		{E16D6E67-0691-4D5A-9DD7-DA7510879AB8}.Debug|Any CPU.Build.0 = Debug|Any CPU
		{E16D6E67-0691-4D5A-9DD7-DA7510879AB8}.Debug|Any CPU.Deploy.0 = Debug|Any CPU
		{E16D6E67-0691-4D5A-9DD7-DA7510879AB8}.Debug|ARM.ActiveCfg = Debug|Any CPU
		{E16D6E67-0691-4D5A-9DD7-DA7510879AB8}.Debug|iPhone.ActiveCfg = Debug|Any CPU
		{E16D6E67-0691-4D5A-9DD7-DA7510879AB8}.Debug|iPhoneSimulator.ActiveCfg = Debug|Any CPU
		{E16D6E67-0691-4D5A-9DD7-DA7510879AB8}.Debug|Mixed Platforms.ActiveCfg = Debug|Any CPU
		{E16D6E67-0691-4D5A-9DD7-DA7510879AB8}.Debug|Mixed Platforms.Build.0 = Debug|Any CPU
		{E16D6E67-0691-4D5A-9DD7-DA7510879AB8}.Debug|Mixed Platforms.Deploy.0 = Debug|Any CPU
		{E16D6E67-0691-4D5A-9DD7-DA7510879AB8}.Debug|x86.ActiveCfg = Debug|Any CPU
		{E16D6E67-0691-4D5A-9DD7-DA7510879AB8}.Release|Any CPU.ActiveCfg = Release|Any CPU
		{E16D6E67-0691-4D5A-9DD7-DA7510879AB8}.Release|Any CPU.Build.0 = Release|Any CPU
		{E16D6E67-0691-4D5A-9DD7-DA7510879AB8}.Release|Any CPU.Deploy.0 = Release|Any CPU
		{E16D6E67-0691-4D5A-9DD7-DA7510879AB8}.Release|ARM.ActiveCfg = Release|Any CPU
		{E16D6E67-0691-4D5A-9DD7-DA7510879AB8}.Release|iPhone.ActiveCfg = Release|Any CPU
		{E16D6E67-0691-4D5A-9DD7-DA7510879AB8}.Release|iPhoneSimulator.ActiveCfg = Release|Any CPU
		{E16D6E67-0691-4D5A-9DD7-DA7510879AB8}.Release|Mixed Platforms.ActiveCfg = Release|Any CPU
		{E16D6E67-0691-4D5A-9DD7-DA7510879AB8}.Release|Mixed Platforms.Build.0 = Release|Any CPU
		{E16D6E67-0691-4D5A-9DD7-DA7510879AB8}.Release|Mixed Platforms.Deploy.0 = Release|Any CPU
		{E16D6E67-0691-4D5A-9DD7-DA7510879AB8}.Release|x86.ActiveCfg = Release|Any CPU
	EndGlobalSection
	GlobalSection(SolutionProperties) = preSolution
		HideSolutionNode = FALSE
	EndGlobalSection
	GlobalSection(NestedProjects) = preSolution
		{659A9E88-0157-494E-9B8E-38B70EDB25DB} = {E358BB96-BBC8-4A87-8101-0B108CB563B5}
	EndGlobalSection
EndGlobal
